
Microsoft Visual Studio Solution File, Format Version 12.00
# Visual Studio 2015
Project("{FAE04EC0-301F-11D3-BF4B-00C04F79EFBC}") = "Assignment_ps04542_2d_final", "Assignment_ps04542_2d_final.csproj", "{9F962EA8-8D7E-B95E-54C2-3549B9A47398}"
EndProject
Global
	GlobalSection(SolutionConfigurationPlatforms) = preSolution
		Debug|Any CPU = Debug|Any CPU
		Release|Any CPU = Release|Any CPU
	EndGlobalSection
	GlobalSection(ProjectConfigurationPlatforms) = postSolution
		{9F962EA8-8D7E-B95E-54C2-3549B9A47398}.Debug|Any CPU.ActiveCfg = Debug|Any CPU
		{9F962EA8-8D7E-B95E-54C2-3549B9A47398}.Debug|Any CPU.Build.0 = Debug|Any CPU
		{9F962EA8-8D7E-B95E-54C2-3549B9A47398}.Release|Any CPU.ActiveCfg = Release|Any CPU
		{9F962EA8-8D7E-B95E-54C2-3549B9A47398}.Release|Any CPU.Build.0 = Release|Any CPU
	EndGlobalSection
	GlobalSection(SolutionProperties) = preSolution
		HideSolutionNode = FALSE
	EndGlobalSection
EndGlobal
